// !$*UTF8*$!
{
	archiveVersion = 1;
	classes = {
	};
	objectVersion = 50;
	objects = {

/* Begin PBXBuildFile section */
		7D83CC4524139B190009FB4A /* AppDelegate.swift in Sources */ = {isa = PBXBuildFile; fileRef = 7D83CC4424139B190009FB4A /* AppDelegate.swift */; };
		7D83CC4724139B190009FB4A /* SceneDelegate.swift in Sources */ = {isa = PBXBuildFile; fileRef = 7D83CC4624139B190009FB4A /* SceneDelegate.swift */; };
		7D83CC4924139B190009FB4A /* ContentView.swift in Sources */ = {isa = PBXBuildFile; fileRef = 7D83CC4824139B190009FB4A /* ContentView.swift */; };
		7D83CC4B24139B1A0009FB4A /* Assets.xcassets in Resources */ = {isa = PBXBuildFile; fileRef = 7D83CC4A24139B1A0009FB4A /* Assets.xcassets */; };
		7D83CC4E24139B1A0009FB4A /* Preview Assets.xcassets in Resources */ = {isa = PBXBuildFile; fileRef = 7D83CC4D24139B1A0009FB4A /* Preview Assets.xcassets */; };
		7D83CC5124139B1A0009FB4A /* LaunchScreen.storyboard in Resources */ = {isa = PBXBuildFile; fileRef = 7D83CC4F24139B1A0009FB4A /* LaunchScreen.storyboard */; };
		7D83CC592413A6120009FB4A /* EXAMPLES.swift in Sources */ = {isa = PBXBuildFile; fileRef = 7D83CC582413A6120009FB4A /* EXAMPLES.swift */; };
/* End PBXBuildFile section */

/* Begin PBXFileReference section */
		7D83CC4124139B190009FB4A /* Guess the Flag.app */ = {isa = PBXFileReference; explicitFileType = wrapper.application; includeInIndex = 0; path = "Guess the Flag.app"; sourceTree = BUILT_PRODUCTS_DIR; };
		7D83CC4424139B190009FB4A /* AppDelegate.swift */ = {isa = PBXFileReference; lastKnownFileType = sourcecode.swift; path = AppDelegate.swift; sourceTree = "<group>"; };
		7D83CC4624139B190009FB4A /* SceneDelegate.swift */ = {isa = PBXFileReference; lastKnownFileType = sourcecode.swift; path = SceneDelegate.swift; sourceTree = "<group>"; };
		7D83CC4824139B190009FB4A /* ContentView.swift */ = {isa = PBXFileReference; lastKnownFileType = sourcecode.swift; path = ContentView.swift; sourceTree = "<group>"; };
		7D83CC4A24139B1A0009FB4A /* Assets.xcassets */ = {isa = PBXFileReference; lastKnownFileType = folder.assetcatalog; path = Assets.xcassets; sourceTree = "<group>"; };
		7D83CC4D24139B1A0009FB4A /* Preview Assets.xcassets */ = {isa = PBXFileReference; lastKnownFileType = folder.assetcatalog; path = "Preview Assets.xcassets"; sourceTree = "<group>"; };
		7D83CC5024139B1A0009FB4A /* Base */ = {isa = PBXFileReference; lastKnownFileType = file.storyboard; name = Base; path = Base.lproj/LaunchScreen.storyboard; sourceTree = "<group>"; };
		7D83CC5224139B1A0009FB4A /* Info.plist */ = {isa = PBXFileReference; lastKnownFileType = text.plist.xml; path = Info.plist; sourceTree = "<group>"; };
		7D83CC582413A6120009FB4A /* EXAMPLES.swift */ = {isa = PBXFileReference; lastKnownFileType = sourcecode.swift; path = EXAMPLES.swift; sourceTree = "<group>"; };
/* End PBXFileReference section */

/* Begin PBXFrameworksBuildPhase section */
		7D83CC3E24139B190009FB4A /* Frameworks */ = {
			isa = PBXFrameworksBuildPhase;
			buildActionMask = 2147483647;
			files = (
			);
			runOnlyForDeploymentPostprocessing = 0;
		};
/* End PBXFrameworksBuildPhase section */

/* Begin PBXGroup section */
		7D83CC3824139B190009FB4A = {
			isa = PBXGroup;
			children = (
				7D83CC4324139B190009FB4A /* Guess the Flag */,
				7D83CC4224139B190009FB4A /* Products */,
			);
			sourceTree = "<group>";
		};
		7D83CC4224139B190009FB4A /* Products */ = {
			isa = PBXGroup;
			children = (
				7D83CC4124139B190009FB4A /* Guess the Flag.app */,
			);
			name = Products;
			sourceTree = "<group>";
		};
		7D83CC4324139B190009FB4A /* Guess the Flag */ = {
			isa = PBXGroup;
			children = (
				7D83CC4424139B190009FB4A /* AppDelegate.swift */,
				7D83CC4624139B190009FB4A /* SceneDelegate.swift */,
				7D83CC4824139B190009FB4A /* ContentView.swift */,
				7D83CC582413A6120009FB4A /* EXAMPLES.swift */,
				7D83CC4A24139B1A0009FB4A /* Assets.xcassets */,
				7D83CC4F24139B1A0009FB4A /* LaunchScreen.storyboard */,
				7D83CC5224139B1A0009FB4A /* Info.plist */,
				7D83CC4C24139B1A0009FB4A /* Preview Content */,
			);
			path = "Guess the Flag";
			sourceTree = "<group>";
		};
		7D83CC4C24139B1A0009FB4A /* Preview Content */ = {
			isa = PBXGroup;
			children = (
				7D83CC4D24139B1A0009FB4A /* Preview Assets.xcassets */,
			);
			path = "Preview Content";
			sourceTree = "<group>";
		};
/* End PBXGroup section */

/* Begin PBXNativeTarget section */
		7D83CC4024139B190009FB4A /* Guess the Flag */ = {
			isa = PBXNativeTarget;
			buildConfigurationList = 7D83CC5524139B1A0009FB4A /* Build configuration list for PBXNativeTarget "Guess the Flag" */;
			buildPhases = (
				7D83CC3D24139B190009FB4A /* Sources */,
				7D83CC3E24139B190009FB4A /* Frameworks */,
				7D83CC3F24139B190009FB4A /* Resources */,
			);
			buildRules = (
			);
			dependencies = (
			);
			name = "Guess the Flag";
			productName = "Guess the Flag";
			productReference = 7D83CC4124139B190009FB4A /* Guess the Flag.app */;
			productType = "com.apple.product-type.application";
		};
/* End PBXNativeTarget section */

/* Begin PBXProject section */
		7D83CC3924139B190009FB4A /* Project object */ = {
			isa = PBXProject;
			attributes = {
				LastSwiftUpdateCheck = 1130;
				LastUpgradeCheck = 1130;
				ORGANIZATIONNAME = "Vasileios Gkreen";
				TargetAttributes = {
					7D83CC4024139B190009FB4A = {
						CreatedOnToolsVersion = 11.3.1;
					};
				};
			};
			buildConfigurationList = 7D83CC3C24139B190009FB4A /* Build configuration list for PBXProject "Guess the Flag" */;
			compatibilityVersion = "Xcode 9.3";
			developmentRegion = en;
			hasScannedForEncodings = 0;
			knownRegions = (
				en,
				Base,
			);
			mainGroup = 7D83CC3824139B190009FB4A;
			productRefGroup = 7D83CC4224139B190009FB4A /* Products */;
			projectDirPath = "";
			projectRoot = "";
			targets = (
				7D83CC4024139B190009FB4A /* Guess the Flag */,
			);
		};
/* End PBXProject section */

/* Begin PBXResourcesBuildPhase section */
		7D83CC3F24139B190009FB4A /* Resources */ = {
			isa = PBXResourcesBuildPhase;
			buildActionMask = 2147483647;
			files = (
				7D83CC5124139B1A0009FB4A /* LaunchScreen.storyboard in Resources */,
				7D83CC4E24139B1A0009FB4A /* Preview Assets.xcassets in Resources */,
				7D83CC4B24139B1A0009FB4A /* Assets.xcassets in Resources */,
			);
			runOnlyForDeploymentPostprocessing = 0;
		};
/* End PBXResourcesBuildPhase section */

/* Begin PBXSourcesBuildPhase section */
		7D83CC3D24139B190009FB4A /* Sources */ = {
			isa = PBXSourcesBuildPhase;
			buildActionMask = 2147483647;
			files = (
				7D83CC592413A6120009FB4A /* EXAMPLES.swift in Sources */,
				7D83CC4524139B190009FB4A /* AppDelegate.swift in Sources */,
				7D83CC4724139B190009FB4A /* SceneDelegate.swift in Sources */,
				7D83CC4924139B190009FB4A /* ContentView.swift in Sources */,
			);
			runOnlyForDeploymentPostprocessing = 0;
		};
/* End PBXSourcesBuildPhase section */

/* Begin PBXVariantGroup section */
		7D83CC4F24139B1A0009FB4A /* LaunchScreen.storyboard */ = {
			isa = PBXVariantGroup;
			children = (
				7D83CC5024139B1A0009FB4A /* Base */,
			);
			name = LaunchScreen.storyboard;
			sourceTree = "<group>";
		};
/* End PBXVariantGroup section */

/* Begin XCBuildConfiguration section */
		7D83CC5324139B1A0009FB4A /* Debug */ = {
			isa = XCBuildConfiguration;
			buildSettings = {
				ALWAYS_SEARCH_USER_PATHS = NO;
				CLANG_ANALYZER_NONNULL = YES;
				CLANG_ANALYZER_NUMBER_OBJECT_CONVERSION = YES_AGGRESSIVE;
				CLANG_CXX_LANGUAGE_STANDARD = "gnu++14";
				CLANG_CXX_LIBRARY = "libc++";
				CLANG_ENABLE_MODULES = YES;
				CLANG_ENABLE_OBJC_ARC = YES;
				CLANG_ENABLE_OBJC_WEAK = YES;
				CLANG_WARN_BLOCK_CAPTURE_AUTORELEASING = YES;
				CLANG_WARN_BOOL_CONVERSION = YES;
				CLANG_WARN_COMMA = YES;
				CLANG_WARN_CONSTANT_CONVERSION = YES;
				CLANG_WARN_DEPRECATED_OBJC_IMPLEMENTATIONS = YES;
				CLANG_WARN_DIRECT_OBJC_ISA_USAGE = YES_ERROR;
				CLANG_WARN_DOCUMENTATION_COMMENTS = YES;
				CLANG_WARN_EMPTY_BODY = YES;
				CLANG_WARN_ENUM_CONVERSION = YES;
				CLANG_WARN_INFINITE_RECURSION = YES;
				CLANG_WARN_INT_CONVERSION = YES;
				CLANG_WARN_NON_LITERAL_NULL_CONVERSION = YES;
				CLANG_WARN_OBJC_IMPLICIT_RETAIN_SELF = YES;
				CLANG_WARN_OBJC_LITERAL_CONVERSION = YES;
				CLANG_WARN_OBJC_ROOT_CLASS = YES_ERROR;
				CLANG_WARN_RANGE_LOOP_ANALYSIS = YES;
				CLANG_WARN_STRICT_PROTOTYPES = YES;
				CLANG_WARN_SUSPICIOUS_MOVE = YES;
				CLANG_WARN_UNGUARDED_AVAILABILITY = YES_AGGRESSIVE;
				CLANG_WARN_UNREACHABLE_CODE = YES;
				CLANG_WARN__DUPLICATE_METHOD_MATCH = YES;
				COPY_PHASE_STRIP = NO;
				DEBUG_INFORMATION_FORMAT = dwarf;
				ENABLE_STRICT_OBJC_MSGSEND = YES;
				ENABLE_TESTABILITY = YES;
				GCC_C_LANGUAGE_STANDARD = gnu11;
				GCC_DYNAMIC_NO_PIC = NO;
				GCC_NO_COMMON_BLOCKS = YES;
				GCC_OPTIMIZATION_LEVEL = 0;
				GCC_PREPROCESSOR_DEFINITIONS = (
					"DEBUG=1",
					"$(inherited)",
				);
				GCC_WARN_64_TO_32_BIT_CONVERSION = YES;
				GCC_WARN_ABOUT_RETURN_TYPE = YES_ERROR;
				GCC_WARN_UNDECLARED_SELECTOR = YES;
				GCC_WARN_UNINITIALIZED_AUTOS = YES_AGGRESSIVE;
				GCC_WARN_UNUSED_FUNCTION = YES;
				GCC_WARN_UNUSED_VARIABLE = YES;
				IPHONEOS_DEPLOYMENT_TARGET = 13.2;
				MTL_ENABLE_DEBUG_INFO = INCLUDE_SOURCE;
				MTL_FAST_MATH = YES;
				ONLY_ACTIVE_ARCH = YES;
				SDKROOT = iphoneos;
				SWIFT_ACTIVE_COMPILATION_CONDITIONS = DEBUG;
				SWIFT_OPTIMIZATION_LEVEL = "-Onone";
			};
			name = Debug;
		};
		7D83CC5424139B1A0009FB4A /* Release */ = {
			isa = XCBuildConfiguration;
			buildSettings = {
				ALWAYS_SEARCH_USER_PATHS = NO;
				CLANG_ANALYZER_NONNULL = YES;
				CLANG_ANALYZER_NUMBER_OBJECT_CONVERSION = YES_AGGRESSIVE;
				CLANG_CXX_LANGUAGE_STANDARD = "gnu++14";
				CLANG_CXX_LIBRARY = "libc++";
				CLANG_ENABLE_MODULES = YES;
				CLANG_ENABLE_OBJC_ARC = YES;
				CLANG_ENABLE_OBJC_WEAK = YES;
				CLANG_WARN_BLOCK_CAPTURE_AUTORELEASING = YES;
				CLANG_WARN_BOOL_CONVERSION = YES;
				CLANG_WARN_COMMA = YES;
				CLANG_WARN_CONSTANT_CONVERSION = YES;
				CLANG_WARN_DEPRECATED_OBJC_IMPLEMENTATIONS = YES;
				CLANG_WARN_DIRECT_OBJC_ISA_USAGE = YES_ERROR;
				CLANG_WARN_DOCUMENTATION_COMMENTS = YES;
				CLANG_WARN_EMPTY_BODY = YES;
				CLANG_WARN_ENUM_CONVERSION = YES;
				CLANG_WARN_INFINITE_RECURSION = YES;
				CLANG_WARN_INT_CONVERSION = YES;
				CLANG_WARN_NON_LITERAL_NULL_CONVERSION = YES;
				CLANG_WARN_OBJC_IMPLICIT_RETAIN_SELF = YES;
				CLANG_WARN_OBJC_LITERAL_CONVERSION = YES;
				CLANG_WARN_OBJC_ROOT_CLASS = YES_ERROR;
				CLANG_WARN_RANGE_LOOP_ANALYSIS = YES;
				CLANG_WARN_STRICT_PROTOTYPES = YES;
				CLANG_WARN_SUSPICIOUS_MOVE = YES;
				CLANG_WARN_UNGUARDED_AVAILABILITY = YES_AGGRESSIVE;
				CLANG_WARN_UNREACHABLE_CODE = YES;
				CLANG_WARN__DUPLICATE_METHOD_MATCH = YES;
				COPY_PHASE_STRIP = NO;
				DEBUG_INFORMATION_FORMAT = "dwarf-with-dsym";
				ENABLE_NS_ASSERTIONS = NO;
				ENABLE_STRICT_OBJC_MSGSEND = YES;
				GCC_C_LANGUAGE_STANDARD = gnu11;
				GCC_NO_COMMON_BLOCKS = YES;
				GCC_WARN_64_TO_32_BIT_CONVERSION = YES;
				GCC_WARN_ABOUT_RETURN_TYPE = YES_ERROR;
				GCC_WARN_UNDECLARED_SELECTOR = YES;
				GCC_WARN_UNINITIALIZED_AUTOS = YES_AGGRESSIVE;
				GCC_WARN_UNUSED_FUNCTION = YES;
				GCC_WARN_UNUSED_VARIABLE = YES;
				IPHONEOS_DEPLOYMENT_TARGET = 13.2;
				MTL_ENABLE_DEBUG_INFO = NO;
				MTL_FAST_MATH = YES;
				SDKROOT = iphoneos;
				SWIFT_COMPILATION_MODE = wholemodule;
				SWIFT_OPTIMIZATION_LEVEL = "-O";
				VALIDATE_PRODUCT = YES;
			};
			name = Release;
		};
		7D83CC5624139B1A0009FB4A /* Debug */ = {
			isa = XCBuildConfiguration;
			buildSettings = {
				ASSETCATALOG_COMPILER_APPICON_NAME = AppIcon;
				CODE_SIGN_STYLE = Automatic;
				DEVELOPMENT_ASSET_PATHS = "\"Guess the Flag/Preview Content\"";
				DEVELOPMENT_TEAM = 4XHC2A472T;
				ENABLE_PREVIEWS = YES;
				INFOPLIST_FILE = "Guess the Flag/Info.plist";
				LD_RUNPATH_SEARCH_PATHS = (
					"$(inherited)",
					"@executable_path/Frameworks",
				);
				PRODUCT_BUNDLE_IDENTIFIER = "io.github.grenos.Guess-the-Flag";
				PRODUCT_NAME = "$(TARGET_NAME)";
				SWIFT_VERSION = 5.0;
				TARGETED_DEVICE_FAMILY = "1,2";
			};
			name = Debug;
		};
		7D83CC5724139B1A0009FB4A /* Release */ = {
			isa = XCBuildConfiguration;
			buildSettings = {
				ASSETCATALOG_COMPILER_APPICON_NAME = AppIcon;
				CODE_SIGN_STYLE = Automatic;
				DEVELOPMENT_ASSET_PATHS = "\"Guess the Flag/Preview Content\"";
				DEVELOPMENT_TEAM = 4XHC2A472T;
				ENABLE_PREVIEWS = YES;
				INFOPLIST_FILE = "Guess the Flag/Info.plist";
				LD_RUNPATH_SEARCH_PATHS = (
					"$(inherited)",
					"@executable_path/Frameworks",
				);
				PRODUCT_BUNDLE_IDENTIFIER = "io.github.grenos.Guess-the-Flag";
				PRODUCT_NAME = "$(TARGET_NAME)";
				SWIFT_VERSION = 5.0;
				TARGETED_DEVICE_FAMILY = "1,2";
			};
			name = Release;
		};
/* End XCBuildConfiguration section */

/* Begin XCConfigurationList section */
		7D83CC3C24139B190009FB4A /* Build configuration list for PBXProject "Guess the Flag" */ = {
			isa = XCConfigurationList;
			buildConfigurations = (
				7D83CC5324139B1A0009FB4A /* Debug */,
				7D83CC5424139B1A0009FB4A /* Release */,
			);
			defaultConfigurationIsVisible = 0;
			defaultConfigurationName = Release;
		};
		7D83CC5524139B1A0009FB4A /* Build configuration list for PBXNativeTarget "Guess the Flag" */ = {
			isa = XCConfigurationList;
			buildConfigurations = (
				7D83CC5624139B1A0009FB4A /* Debug */,
				7D83CC5724139B1A0009FB4A /* Release */,
			);
			defaultConfigurationIsVisible = 0;
			defaultConfigurationName = Release;
		};
/* End XCConfigurationList section */
	};
	rootObject = 7D83CC3924139B190009FB4A /* Project object */;
}
